
Microsoft Visual Studio Solution File, Format Version 12.00
# Visual Studio Version 16
VisualStudioVersion = 16.0.31112.23
MinimumVisualStudioVersion = 10.0.40219.1
Project("{9A19103F-16F7-4668-BE54-9A1E7A4F7556}") = "Varios Jogos em um", "Varios Jogos em um\Varios Jogos em um.csproj", "{27C51992-C10E-4882-9058-E40A92F85921}"
EndProject
Global
	GlobalSection(SolutionConfigurationPlatforms) = preSolution
		Debug|Any CPU = Debug|Any CPU
		Release|Any CPU = Release|Any CPU
	EndGlobalSection
	GlobalSection(ProjectConfigurationPlatforms) = postSolution
		{27C51992-C10E-4882-9058-E40A92F85921}.Debug|Any CPU.ActiveCfg = Debug|Any CPU
		{27C51992-C10E-4882-9058-E40A92F85921}.Debug|Any CPU.Build.0 = Debug|Any CPU
		{27C51992-C10E-4882-9058-E40A92F85921}.Release|Any CPU.ActiveCfg = Release|Any CPU
		{27C51992-C10E-4882-9058-E40A92F85921}.Release|Any CPU.Build.0 = Release|Any CPU
	EndGlobalSection
	GlobalSection(SolutionProperties) = preSolution
		HideSolutionNode = FALSE
	EndGlobalSection
	GlobalSection(ExtensibilityGlobals) = postSolution
		SolutionGuid = {51580CC9-0F19-4A64-942F-5C509E7E9EC1}
	EndGlobalSection
EndGlobal
